[[package]]
name = "day3a"
version = "0.1.0"
dependencies = [
 "text_io 0.1.7 (registry+https://github.com/rust-lang/crates.io-index)",
]

[[package]]
name = "text_io"
version = "0.1.7"
source = "registry+https://github.com/rust-lang/crates.io-index"

[metadata]
"checksum text_io 0.1.7 (registry+https://github.com/rust-lang/crates.io-index)" = "9658b61ebd1d2a40c276ba2335890b9eb6550b67458a6fbce2022e58c3350a50"
